// !$*UTF8*$!
{
	archiveVersion = 1;
	classes = {
	};
	objectVersion = 50;
	objects = {

/* Begin PBXBuildFile section */
		52B589BE2100AFC6007B7AB2 /* AppDelegate.swift in Sources */ = {isa = PBXBuildFile; fileRef = 52B589BD2100AFC6007B7AB2 /* AppDelegate.swift */; };
		52B589C02100AFC6007B7AB2 /* ViewController.swift in Sources */ = {isa = PBXBuildFile; fileRef = 52B589BF2100AFC6007B7AB2 /* ViewController.swift */; };
		52B589C32100AFC6007B7AB2 /* Main.storyboard in Resources */ = {isa = PBXBuildFile; fileRef = 52B589C12100AFC6007B7AB2 /* Main.storyboard */; };
		52B589C52100AFC7007B7AB2 /* Assets.xcassets in Resources */ = {isa = PBXBuildFile; fileRef = 52B589C42100AFC7007B7AB2 /* Assets.xcassets */; };
		52B589C82100AFC7007B7AB2 /* LaunchScreen.storyboard in Resources */ = {isa = PBXBuildFile; fileRef = 52B589C62100AFC7007B7AB2 /* LaunchScreen.storyboard */; };
		52B589D12100B006007B7AB2 /* ColorService.swift in Sources */ = {isa = PBXBuildFile; fileRef = 52B589D02100B006007B7AB2 /* ColorService.swift */; };
		52B589D42100B1FA007B7AB2 /* ModuleProtocols.swift in Sources */ = {isa = PBXBuildFile; fileRef = 52B589D32100B1FA007B7AB2 /* ModuleProtocols.swift */; };
		52B589D62100B2CB007B7AB2 /* ModuleViewController.swift in Sources */ = {isa = PBXBuildFile; fileRef = 52B589D52100B2CB007B7AB2 /* ModuleViewController.swift */; };
		52B589D82100B35E007B7AB2 /* ModulePresenter.swift in Sources */ = {isa = PBXBuildFile; fileRef = 52B589D72100B35E007B7AB2 /* ModulePresenter.swift */; };
		52B589DA2100B55C007B7AB2 /* ModuleInteractor.swift in Sources */ = {isa = PBXBuildFile; fileRef = 52B589D92100B55C007B7AB2 /* ModuleInteractor.swift */; };
		52B589DC2100B5E9007B7AB2 /* ModuleConfigurator.swift in Sources */ = {isa = PBXBuildFile; fileRef = 52B589DB2100B5E9007B7AB2 /* ModuleConfigurator.swift */; };
		52B589DE2100B5F5007B7AB2 /* ModuleRouter.swift in Sources */ = {isa = PBXBuildFile; fileRef = 52B589DD2100B5F5007B7AB2 /* ModuleRouter.swift */; };
/* End PBXBuildFile section */

/* Begin PBXFileReference section */
		52B589BA2100AFC6007B7AB2 /* VIPER-Template.app */ = {isa = PBXFileReference; explicitFileType = wrapper.application; includeInIndex = 0; path = "VIPER-Template.app"; sourceTree = BUILT_PRODUCTS_DIR; };
		52B589BD2100AFC6007B7AB2 /* AppDelegate.swift */ = {isa = PBXFileReference; lastKnownFileType = sourcecode.swift; path = AppDelegate.swift; sourceTree = "<group>"; };
		52B589BF2100AFC6007B7AB2 /* ViewController.swift */ = {isa = PBXFileReference; lastKnownFileType = sourcecode.swift; path = ViewController.swift; sourceTree = "<group>"; };
		52B589C22100AFC6007B7AB2 /* Base */ = {isa = PBXFileReference; lastKnownFileType = file.storyboard; name = Base; path = Base.lproj/Main.storyboard; sourceTree = "<group>"; };
		52B589C42100AFC7007B7AB2 /* Assets.xcassets */ = {isa = PBXFileReference; lastKnownFileType = folder.assetcatalog; path = Assets.xcassets; sourceTree = "<group>"; };
		52B589C72100AFC7007B7AB2 /* Base */ = {isa = PBXFileReference; lastKnownFileType = file.storyboard; name = Base; path = Base.lproj/LaunchScreen.storyboard; sourceTree = "<group>"; };
		52B589C92100AFC7007B7AB2 /* Info.plist */ = {isa = PBXFileReference; lastKnownFileType = text.plist.xml; path = Info.plist; sourceTree = "<group>"; };
		52B589D02100B006007B7AB2 /* ColorService.swift */ = {isa = PBXFileReference; lastKnownFileType = sourcecode.swift; path = ColorService.swift; sourceTree = "<group>"; };
		52B589D32100B1FA007B7AB2 /* ModuleProtocols.swift */ = {isa = PBXFileReference; lastKnownFileType = sourcecode.swift; path = ModuleProtocols.swift; sourceTree = "<group>"; };
		52B589D52100B2CB007B7AB2 /* ModuleViewController.swift */ = {isa = PBXFileReference; lastKnownFileType = sourcecode.swift; path = ModuleViewController.swift; sourceTree = "<group>"; };
		52B589D72100B35E007B7AB2 /* ModulePresenter.swift */ = {isa = PBXFileReference; lastKnownFileType = sourcecode.swift; path = ModulePresenter.swift; sourceTree = "<group>"; };
		52B589D92100B55C007B7AB2 /* ModuleInteractor.swift */ = {isa = PBXFileReference; lastKnownFileType = sourcecode.swift; path = ModuleInteractor.swift; sourceTree = "<group>"; };
		52B589DB2100B5E9007B7AB2 /* ModuleConfigurator.swift */ = {isa = PBXFileReference; lastKnownFileType = sourcecode.swift; path = ModuleConfigurator.swift; sourceTree = "<group>"; };
		52B589DD2100B5F5007B7AB2 /* ModuleRouter.swift */ = {isa = PBXFileReference; lastKnownFileType = sourcecode.swift; path = ModuleRouter.swift; sourceTree = "<group>"; };
/* End PBXFileReference section */

/* Begin PBXFrameworksBuildPhase section */
		52B589B72100AFC6007B7AB2 /* Frameworks */ = {
			isa = PBXFrameworksBuildPhase;
			buildActionMask = 2147483647;
			files = (
			);
			runOnlyForDeploymentPostprocessing = 0;
		};
/* End PBXFrameworksBuildPhase section */

/* Begin PBXGroup section */
		52B589B12100AFC6007B7AB2 = {
			isa = PBXGroup;
			children = (
				52B589BC2100AFC6007B7AB2 /* VIPER-Template */,
				52B589BB2100AFC6007B7AB2 /* Products */,
			);
			sourceTree = "<group>";
		};
		52B589BB2100AFC6007B7AB2 /* Products */ = {
			isa = PBXGroup;
			children = (
				52B589BA2100AFC6007B7AB2 /* VIPER-Template.app */,
			);
			name = Products;
			sourceTree = "<group>";
		};
		52B589BC2100AFC6007B7AB2 /* VIPER-Template */ = {
			isa = PBXGroup;
			children = (
				52B589BD2100AFC6007B7AB2 /* AppDelegate.swift */,
				52B589CF2100AFF0007B7AB2 /* Services */,
				52B589D22100B1B0007B7AB2 /* FirstModule */,
				52B589BF2100AFC6007B7AB2 /* ViewController.swift */,
				52B589C12100AFC6007B7AB2 /* Main.storyboard */,
				52B589C42100AFC7007B7AB2 /* Assets.xcassets */,
				52B589C62100AFC7007B7AB2 /* LaunchScreen.storyboard */,
				52B589C92100AFC7007B7AB2 /* Info.plist */,
			);
			path = "VIPER-Template";
			sourceTree = "<group>";
		};
		52B589CF2100AFF0007B7AB2 /* Services */ = {
			isa = PBXGroup;
			children = (
				52B589D02100B006007B7AB2 /* ColorService.swift */,
			);
			path = Services;
			sourceTree = "<group>";
		};
		52B589D22100B1B0007B7AB2 /* FirstModule */ = {
			isa = PBXGroup;
			children = (
				52B589D52100B2CB007B7AB2 /* ModuleViewController.swift */,
				52B589D72100B35E007B7AB2 /* ModulePresenter.swift */,
				52B589D92100B55C007B7AB2 /* ModuleInteractor.swift */,
				52B589DB2100B5E9007B7AB2 /* ModuleConfigurator.swift */,
				52B589DD2100B5F5007B7AB2 /* ModuleRouter.swift */,
				52B589D32100B1FA007B7AB2 /* ModuleProtocols.swift */,
			);
			path = FirstModule;
			sourceTree = "<group>";
		};
/* End PBXGroup section */

/* Begin PBXNativeTarget section */
		52B589B92100AFC6007B7AB2 /* VIPER-Template */ = {
			isa = PBXNativeTarget;
			buildConfigurationList = 52B589CC2100AFC7007B7AB2 /* Build configuration list for PBXNativeTarget "VIPER-Template" */;
			buildPhases = (
				52B589B62100AFC6007B7AB2 /* Sources */,
				52B589B72100AFC6007B7AB2 /* Frameworks */,
				52B589B82100AFC6007B7AB2 /* Resources */,
			);
			buildRules = (
			);
			dependencies = (
			);
			name = "VIPER-Template";
			productName = "VIPER-Template";
			productReference = 52B589BA2100AFC6007B7AB2 /* VIPER-Template.app */;
			productType = "com.apple.product-type.application";
		};
/* End PBXNativeTarget section */

/* Begin PBXProject section */
		52B589B22100AFC6007B7AB2 /* Project object */ = {
			isa = PBXProject;
			attributes = {
				LastSwiftUpdateCheck = 0940;
				LastUpgradeCheck = 0940;
				ORGANIZATIONNAME = "Stanly Shiyanovskiy";
				TargetAttributes = {
					52B589B92100AFC6007B7AB2 = {
						CreatedOnToolsVersion = 9.4.1;
					};
				};
			};
			buildConfigurationList = 52B589B52100AFC6007B7AB2 /* Build configuration list for PBXProject "VIPER-Template" */;
			compatibilityVersion = "Xcode 9.3";
			developmentRegion = en;
			hasScannedForEncodings = 0;
			knownRegions = (
				en,
				Base,
			);
			mainGroup = 52B589B12100AFC6007B7AB2;
			productRefGroup = 52B589BB2100AFC6007B7AB2 /* Products */;
			projectDirPath = "";
			projectRoot = "";
			targets = (
				52B589B92100AFC6007B7AB2 /* VIPER-Template */,
			);
		};
/* End PBXProject section */

/* Begin PBXResourcesBuildPhase section */
		52B589B82100AFC6007B7AB2 /* Resources */ = {
			isa = PBXResourcesBuildPhase;
			buildActionMask = 2147483647;
			files = (
				52B589C82100AFC7007B7AB2 /* LaunchScreen.storyboard in Resources */,
				52B589C52100AFC7007B7AB2 /* Assets.xcassets in Resources */,
				52B589C32100AFC6007B7AB2 /* Main.storyboard in Resources */,
			);
			runOnlyForDeploymentPostprocessing = 0;
		};
/* End PBXResourcesBuildPhase section */

/* Begin PBXSourcesBuildPhase section */
		52B589B62100AFC6007B7AB2 /* Sources */ = {
			isa = PBXSourcesBuildPhase;
			buildActionMask = 2147483647;
			files = (
				52B589D82100B35E007B7AB2 /* ModulePresenter.swift in Sources */,
				52B589DE2100B5F5007B7AB2 /* ModuleRouter.swift in Sources */,
				52B589D12100B006007B7AB2 /* ColorService.swift in Sources */,
				52B589DA2100B55C007B7AB2 /* ModuleInteractor.swift in Sources */,
				52B589C02100AFC6007B7AB2 /* ViewController.swift in Sources */,
				52B589DC2100B5E9007B7AB2 /* ModuleConfigurator.swift in Sources */,
				52B589D62100B2CB007B7AB2 /* ModuleViewController.swift in Sources */,
				52B589BE2100AFC6007B7AB2 /* AppDelegate.swift in Sources */,
				52B589D42100B1FA007B7AB2 /* ModuleProtocols.swift in Sources */,
			);
			runOnlyForDeploymentPostprocessing = 0;
		};
/* End PBXSourcesBuildPhase section */

/* Begin PBXVariantGroup section */
		52B589C12100AFC6007B7AB2 /* Main.storyboard */ = {
			isa = PBXVariantGroup;
			children = (
				52B589C22100AFC6007B7AB2 /* Base */,
			);
			name = Main.storyboard;
			sourceTree = "<group>";
		};
		52B589C62100AFC7007B7AB2 /* LaunchScreen.storyboard */ = {
			isa = PBXVariantGroup;
			children = (
				52B589C72100AFC7007B7AB2 /* Base */,
			);
			name = LaunchScreen.storyboard;
			sourceTree = "<group>";
		};
/* End PBXVariantGroup section */

/* Begin XCBuildConfiguration section */
		52B589CA2100AFC7007B7AB2 /* Debug */ = {
			isa = XCBuildConfiguration;
			buildSettings = {
				ALWAYS_SEARCH_USER_PATHS = NO;
				CLANG_ANALYZER_NONNULL = YES;
				CLANG_ANALYZER_NUMBER_OBJECT_CONVERSION = YES_AGGRESSIVE;
				CLANG_CXX_LANGUAGE_STANDARD = "gnu++14";
				CLANG_CXX_LIBRARY = "libc++";
				CLANG_ENABLE_MODULES = YES;
				CLANG_ENABLE_OBJC_ARC = YES;
				CLANG_ENABLE_OBJC_WEAK = YES;
				CLANG_WARN_BLOCK_CAPTURE_AUTORELEASING = YES;
				CLANG_WARN_BOOL_CONVERSION = YES;
				CLANG_WARN_COMMA = YES;
				CLANG_WARN_CONSTANT_CONVERSION = YES;
				CLANG_WARN_DEPRECATED_OBJC_IMPLEMENTATIONS = YES;
				CLANG_WARN_DIRECT_OBJC_ISA_USAGE = YES_ERROR;
				CLANG_WARN_DOCUMENTATION_COMMENTS = YES;
				CLANG_WARN_EMPTY_BODY = YES;
				CLANG_WARN_ENUM_CONVERSION = YES;
				CLANG_WARN_INFINITE_RECURSION = YES;
				CLANG_WARN_INT_CONVERSION = YES;
				CLANG_WARN_NON_LITERAL_NULL_CONVERSION = YES;
				CLANG_WARN_OBJC_IMPLICIT_RETAIN_SELF = YES;
				CLANG_WARN_OBJC_LITERAL_CONVERSION = YES;
				CLANG_WARN_OBJC_ROOT_CLASS = YES_ERROR;
				CLANG_WARN_RANGE_LOOP_ANALYSIS = YES;
				CLANG_WARN_STRICT_PROTOTYPES = YES;
				CLANG_WARN_SUSPICIOUS_MOVE = YES;
				CLANG_WARN_UNGUARDED_AVAILABILITY = YES_AGGRESSIVE;
				CLANG_WARN_UNREACHABLE_CODE = YES;
				CLANG_WARN__DUPLICATE_METHOD_MATCH = YES;
				CODE_SIGN_IDENTITY = "iPhone Developer";
				COPY_PHASE_STRIP = NO;
				DEBUG_INFORMATION_FORMAT = dwarf;
				ENABLE_STRICT_OBJC_MSGSEND = YES;
				ENABLE_TESTABILITY = YES;
				GCC_C_LANGUAGE_STANDARD = gnu11;
				GCC_DYNAMIC_NO_PIC = NO;
				GCC_NO_COMMON_BLOCKS = YES;
				GCC_OPTIMIZATION_LEVEL = 0;
				GCC_PREPROCESSOR_DEFINITIONS = (
					"DEBUG=1",
					"$(inherited)",
				);
				GCC_WARN_64_TO_32_BIT_CONVERSION = YES;
				GCC_WARN_ABOUT_RETURN_TYPE = YES_ERROR;
				GCC_WARN_UNDECLARED_SELECTOR = YES;
				GCC_WARN_UNINITIALIZED_AUTOS = YES_AGGRESSIVE;
				GCC_WARN_UNUSED_FUNCTION = YES;
				GCC_WARN_UNUSED_VARIABLE = YES;
				IPHONEOS_DEPLOYMENT_TARGET = 11.4;
				MTL_ENABLE_DEBUG_INFO = YES;
				ONLY_ACTIVE_ARCH = YES;
				SDKROOT = iphoneos;
				SWIFT_ACTIVE_COMPILATION_CONDITIONS = DEBUG;
				SWIFT_OPTIMIZATION_LEVEL = "-Onone";
			};
			name = Debug;
		};
		52B589CB2100AFC7007B7AB2 /* Release */ = {
			isa = XCBuildConfiguration;
			buildSettings = {
				ALWAYS_SEARCH_USER_PATHS = NO;
				CLANG_ANALYZER_NONNULL = YES;
				CLANG_ANALYZER_NUMBER_OBJECT_CONVERSION = YES_AGGRESSIVE;
				CLANG_CXX_LANGUAGE_STANDARD = "gnu++14";
				CLANG_CXX_LIBRARY = "libc++";
				CLANG_ENABLE_MODULES = YES;
				CLANG_ENABLE_OBJC_ARC = YES;
				CLANG_ENABLE_OBJC_WEAK = YES;
				CLANG_WARN_BLOCK_CAPTURE_AUTORELEASING = YES;
				CLANG_WARN_BOOL_CONVERSION = YES;
				CLANG_WARN_COMMA = YES;
				CLANG_WARN_CONSTANT_CONVERSION = YES;
				CLANG_WARN_DEPRECATED_OBJC_IMPLEMENTATIONS = YES;
				CLANG_WARN_DIRECT_OBJC_ISA_USAGE = YES_ERROR;
				CLANG_WARN_DOCUMENTATION_COMMENTS = YES;
				CLANG_WARN_EMPTY_BODY = YES;
				CLANG_WARN_ENUM_CONVERSION = YES;
				CLANG_WARN_INFINITE_RECURSION = YES;
				CLANG_WARN_INT_CONVERSION = YES;
				CLANG_WARN_NON_LITERAL_NULL_CONVERSION = YES;
				CLANG_WARN_OBJC_IMPLICIT_RETAIN_SELF = YES;
				CLANG_WARN_OBJC_LITERAL_CONVERSION = YES;
				CLANG_WARN_OBJC_ROOT_CLASS = YES_ERROR;
				CLANG_WARN_RANGE_LOOP_ANALYSIS = YES;
				CLANG_WARN_STRICT_PROTOTYPES = YES;
				CLANG_WARN_SUSPICIOUS_MOVE = YES;
				CLANG_WARN_UNGUARDED_AVAILABILITY = YES_AGGRESSIVE;
				CLANG_WARN_UNREACHABLE_CODE = YES;
				CLANG_WARN__DUPLICATE_METHOD_MATCH = YES;
				CODE_SIGN_IDENTITY = "iPhone Developer";
				COPY_PHASE_STRIP = NO;
				DEBUG_INFORMATION_FORMAT = "dwarf-with-dsym";
				ENABLE_NS_ASSERTIONS = NO;
				ENABLE_STRICT_OBJC_MSGSEND = YES;
				GCC_C_LANGUAGE_STANDARD = gnu11;
				GCC_NO_COMMON_BLOCKS = YES;
				GCC_WARN_64_TO_32_BIT_CONVERSION = YES;
				GCC_WARN_ABOUT_RETURN_TYPE = YES_ERROR;
				GCC_WARN_UNDECLARED_SELECTOR = YES;
				GCC_WARN_UNINITIALIZED_AUTOS = YES_AGGRESSIVE;
				GCC_WARN_UNUSED_FUNCTION = YES;
				GCC_WARN_UNUSED_VARIABLE = YES;
				IPHONEOS_DEPLOYMENT_TARGET = 11.4;
				MTL_ENABLE_DEBUG_INFO = NO;
				SDKROOT = iphoneos;
				SWIFT_COMPILATION_MODE = wholemodule;
				SWIFT_OPTIMIZATION_LEVEL = "-O";
				VALIDATE_PRODUCT = YES;
			};
			name = Release;
		};
		52B589CD2100AFC7007B7AB2 /* Debug */ = {
			isa = XCBuildConfiguration;
			buildSettings = {
				ASSETCATALOG_COMPILER_APPICON_NAME = AppIcon;
				CODE_SIGN_STYLE = Automatic;
				DEVELOPMENT_TEAM = 3PTYV272Z4;
				INFOPLIST_FILE = "VIPER-Template/Info.plist";
				LD_RUNPATH_SEARCH_PATHS = (
					"$(inherited)",
					"@executable_path/Frameworks",
				);
				PRODUCT_BUNDLE_IDENTIFIER = "com.ua.stan.VIPER-Template";
				PRODUCT_NAME = "$(TARGET_NAME)";
				SWIFT_VERSION = 4.0;
				TARGETED_DEVICE_FAMILY = "1,2";
			};
			name = Debug;
		};
		52B589CE2100AFC7007B7AB2 /* Release */ = {
			isa = XCBuildConfiguration;
			buildSettings = {
				ASSETCATALOG_COMPILER_APPICON_NAME = AppIcon;
				CODE_SIGN_STYLE = Automatic;
				DEVELOPMENT_TEAM = 3PTYV272Z4;
				INFOPLIST_FILE = "VIPER-Template/Info.plist";
				LD_RUNPATH_SEARCH_PATHS = (
					"$(inherited)",
					"@executable_path/Frameworks",
				);
				PRODUCT_BUNDLE_IDENTIFIER = "com.ua.stan.VIPER-Template";
				PRODUCT_NAME = "$(TARGET_NAME)";
				SWIFT_VERSION = 4.0;
				TARGETED_DEVICE_FAMILY = "1,2";
			};
			name = Release;
		};
/* End XCBuildConfiguration section */

/* Begin XCConfigurationList section */
		52B589B52100AFC6007B7AB2 /* Build configuration list for PBXProject "VIPER-Template" */ = {
			isa = XCConfigurationList;
			buildConfigurations = (
				52B589CA2100AFC7007B7AB2 /* Debug */,
				52B589CB2100AFC7007B7AB2 /* Release */,
			);
			defaultConfigurationIsVisible = 0;
			defaultConfigurationName = Release;
		};
		52B589CC2100AFC7007B7AB2 /* Build configuration list for PBXNativeTarget "VIPER-Template" */ = {
			isa = XCConfigurationList;
			buildConfigurations = (
				52B589CD2100AFC7007B7AB2 /* Debug */,
				52B589CE2100AFC7007B7AB2 /* Release */,
			);
			defaultConfigurationIsVisible = 0;
			defaultConfigurationName = Release;
		};
/* End XCConfigurationList section */
	};
	rootObject = 52B589B22100AFC6007B7AB2 /* Project object */;
}
